
Microsoft Visual Studio Solution File, Format Version 12.00
# Visual Studio Version 16
VisualStudioVersion = 16.0.810.17
MinimumVisualStudioVersion = 10.0.40219.1
Project("{FAE04EC0-301F-11D3-BF4B-00C04F79EFBC}") = "OpenWeatherAPI", "OpenWeatherAPI\OpenWeatherAPI.csproj", "{F57E27E4-EC46-45D0-99B4-114344CF0E1C}"
EndProject
Global
	GlobalSection(SolutionConfigurationPlatforms) = preSolution
		Debug|Any CPU = Debug|Any CPU
		Release|Any CPU = Release|Any CPU
	EndGlobalSection
	GlobalSection(ProjectConfigurationPlatforms) = postSolution
		{F57E27E4-EC46-45D0-99B4-114344CF0E1C}.Debug|Any CPU.ActiveCfg = Debug|Any CPU
		{F57E27E4-EC46-45D0-99B4-114344CF0E1C}.Debug|Any CPU.Build.0 = Debug|Any CPU
		{F57E27E4-EC46-45D0-99B4-114344CF0E1C}.Release|Any CPU.ActiveCfg = Release|Any CPU
		{F57E27E4-EC46-45D0-99B4-114344CF0E1C}.Release|Any CPU.Build.0 = Release|Any CPU
	EndGlobalSection
	GlobalSection(SolutionProperties) = preSolution
		HideSolutionNode = FALSE
	EndGlobalSection
	GlobalSection(ExtensibilityGlobals) = postSolution
		SolutionGuid = {3130A700-4079-405D-939E-366CA3253696}
	EndGlobalSection
EndGlobal
